// !$*UTF8*$!
{
	archiveVersion = 1;
	classes = {
	};
	objectVersion = 46;
	objects = {

/* Begin PBXBuildFile section */
		8E95918C1F265921008A6F23 /* AppDelegate.swift in Sources */ = {isa = PBXBuildFile; fileRef = 8E95918B1F265921008A6F23 /* AppDelegate.swift */; };
		8E95918E1F265921008A6F23 /* ViewController.swift in Sources */ = {isa = PBXBuildFile; fileRef = 8E95918D1F265921008A6F23 /* ViewController.swift */; };
		8E9591911F265921008A6F23 /* Main.storyboard in Resources */ = {isa = PBXBuildFile; fileRef = 8E95918F1F265921008A6F23 /* Main.storyboard */; };
		8E9591931F265921008A6F23 /* Assets.xcassets in Resources */ = {isa = PBXBuildFile; fileRef = 8E9591921F265921008A6F23 /* Assets.xcassets */; };
		8E9591961F265921008A6F23 /* LaunchScreen.storyboard in Resources */ = {isa = PBXBuildFile; fileRef = 8E9591941F265921008A6F23 /* LaunchScreen.storyboard */; };
		8E9591A01F265953008A6F23 /* Conekta.swift in Sources */ = {isa = PBXBuildFile; fileRef = 8E95919E1F265953008A6F23 /* Conekta.swift */; };
		8E9591A11F265953008A6F23 /* ConektaCard.swift in Sources */ = {isa = PBXBuildFile; fileRef = 8E95919F1F265953008A6F23 /* ConektaCard.swift */; };
/* End PBXBuildFile section */

/* Begin PBXFileReference section */
		8E9591881F265921008A6F23 /* ConektaSimpleWrapper.app */ = {isa = PBXFileReference; explicitFileType = wrapper.application; includeInIndex = 0; path = ConektaSimpleWrapper.app; sourceTree = BUILT_PRODUCTS_DIR; };
		8E95918B1F265921008A6F23 /* AppDelegate.swift */ = {isa = PBXFileReference; lastKnownFileType = sourcecode.swift; path = AppDelegate.swift; sourceTree = "<group>"; };
		8E95918D1F265921008A6F23 /* ViewController.swift */ = {isa = PBXFileReference; lastKnownFileType = sourcecode.swift; path = ViewController.swift; sourceTree = "<group>"; };
		8E9591901F265921008A6F23 /* Base */ = {isa = PBXFileReference; lastKnownFileType = file.storyboard; name = Base; path = Base.lproj/Main.storyboard; sourceTree = "<group>"; };
		8E9591921F265921008A6F23 /* Assets.xcassets */ = {isa = PBXFileReference; lastKnownFileType = folder.assetcatalog; path = Assets.xcassets; sourceTree = "<group>"; };
		8E9591951F265921008A6F23 /* Base */ = {isa = PBXFileReference; lastKnownFileType = file.storyboard; name = Base; path = Base.lproj/LaunchScreen.storyboard; sourceTree = "<group>"; };
		8E9591971F265921008A6F23 /* Info.plist */ = {isa = PBXFileReference; lastKnownFileType = text.plist.xml; path = Info.plist; sourceTree = "<group>"; };
		8E95919E1F265953008A6F23 /* Conekta.swift */ = {isa = PBXFileReference; fileEncoding = 4; lastKnownFileType = sourcecode.swift; name = Conekta.swift; path = Wrapper/Conekta.swift; sourceTree = "<group>"; };
		8E95919F1F265953008A6F23 /* ConektaCard.swift */ = {isa = PBXFileReference; fileEncoding = 4; lastKnownFileType = sourcecode.swift; name = ConektaCard.swift; path = Wrapper/ConektaCard.swift; sourceTree = "<group>"; };
/* End PBXFileReference section */

/* Begin PBXFrameworksBuildPhase section */
		8E9591851F265921008A6F23 /* Frameworks */ = {
			isa = PBXFrameworksBuildPhase;
			buildActionMask = 2147483647;
			files = (
			);
			runOnlyForDeploymentPostprocessing = 0;
		};
/* End PBXFrameworksBuildPhase section */

/* Begin PBXGroup section */
		8E95917F1F265921008A6F23 = {
			isa = PBXGroup;
			children = (
				8E95918A1F265921008A6F23 /* ConektaSimpleWrapper */,
				8E9591891F265921008A6F23 /* Products */,
			);
			sourceTree = "<group>";
		};
		8E9591891F265921008A6F23 /* Products */ = {
			isa = PBXGroup;
			children = (
				8E9591881F265921008A6F23 /* ConektaSimpleWrapper.app */,
			);
			name = Products;
			sourceTree = "<group>";
		};
		8E95918A1F265921008A6F23 /* ConektaSimpleWrapper */ = {
			isa = PBXGroup;
			children = (
				8E95919D1F265930008A6F23 /* Wrapper */,
				8E95918B1F265921008A6F23 /* AppDelegate.swift */,
				8E95918D1F265921008A6F23 /* ViewController.swift */,
				8E95918F1F265921008A6F23 /* Main.storyboard */,
				8E9591921F265921008A6F23 /* Assets.xcassets */,
				8E9591941F265921008A6F23 /* LaunchScreen.storyboard */,
				8E9591971F265921008A6F23 /* Info.plist */,
			);
			path = ConektaSimpleWrapper;
			sourceTree = "<group>";
		};
		8E95919D1F265930008A6F23 /* Wrapper */ = {
			isa = PBXGroup;
			children = (
				8E95919E1F265953008A6F23 /* Conekta.swift */,
				8E95919F1F265953008A6F23 /* ConektaCard.swift */,
			);
			name = Wrapper;
			sourceTree = "<group>";
		};
/* End PBXGroup section */

/* Begin PBXNativeTarget section */
		8E9591871F265921008A6F23 /* ConektaSimpleWrapper */ = {
			isa = PBXNativeTarget;
			buildConfigurationList = 8E95919A1F265921008A6F23 /* Build configuration list for PBXNativeTarget "ConektaSimpleWrapper" */;
			buildPhases = (
				8E9591841F265921008A6F23 /* Sources */,
				8E9591851F265921008A6F23 /* Frameworks */,
				8E9591861F265921008A6F23 /* Resources */,
			);
			buildRules = (
			);
			dependencies = (
			);
			name = ConektaSimpleWrapper;
			productName = ConektaSimpleWrapper;
			productReference = 8E9591881F265921008A6F23 /* ConektaSimpleWrapper.app */;
			productType = "com.apple.product-type.application";
		};
/* End PBXNativeTarget section */

/* Begin PBXProject section */
		8E9591801F265921008A6F23 /* Project object */ = {
			isa = PBXProject;
			attributes = {
				LastSwiftUpdateCheck = 0830;
				LastUpgradeCheck = 0830;
				ORGANIZATIONNAME = FDM;
				TargetAttributes = {
					8E9591871F265921008A6F23 = {
						CreatedOnToolsVersion = 8.3.3;
						ProvisioningStyle = Automatic;
					};
				};
			};
			buildConfigurationList = 8E9591831F265921008A6F23 /* Build configuration list for PBXProject "ConektaSimpleWrapper" */;
			compatibilityVersion = "Xcode 3.2";
			developmentRegion = English;
			hasScannedForEncodings = 0;
			knownRegions = (
				en,
				Base,
			);
			mainGroup = 8E95917F1F265921008A6F23;
			productRefGroup = 8E9591891F265921008A6F23 /* Products */;
			projectDirPath = "";
			projectRoot = "";
			targets = (
				8E9591871F265921008A6F23 /* ConektaSimpleWrapper */,
			);
		};
/* End PBXProject section */

/* Begin PBXResourcesBuildPhase section */
		8E9591861F265921008A6F23 /* Resources */ = {
			isa = PBXResourcesBuildPhase;
			buildActionMask = 2147483647;
			files = (
				8E9591961F265921008A6F23 /* LaunchScreen.storyboard in Resources */,
				8E9591931F265921008A6F23 /* Assets.xcassets in Resources */,
				8E9591911F265921008A6F23 /* Main.storyboard in Resources */,
			);
			runOnlyForDeploymentPostprocessing = 0;
		};
/* End PBXResourcesBuildPhase section */

/* Begin PBXSourcesBuildPhase section */
		8E9591841F265921008A6F23 /* Sources */ = {
			isa = PBXSourcesBuildPhase;
			buildActionMask = 2147483647;
			files = (
				8E95918E1F265921008A6F23 /* ViewController.swift in Sources */,
				8E95918C1F265921008A6F23 /* AppDelegate.swift in Sources */,
				8E9591A01F265953008A6F23 /* Conekta.swift in Sources */,
				8E9591A11F265953008A6F23 /* ConektaCard.swift in Sources */,
			);
			runOnlyForDeploymentPostprocessing = 0;
		};
/* End PBXSourcesBuildPhase section */

/* Begin PBXVariantGroup section */
		8E95918F1F265921008A6F23 /* Main.storyboard */ = {
			isa = PBXVariantGroup;
			children = (
				8E9591901F265921008A6F23 /* Base */,
			);
			name = Main.storyboard;
			sourceTree = "<group>";
		};
		8E9591941F265921008A6F23 /* LaunchScreen.storyboard */ = {
			isa = PBXVariantGroup;
			children = (
				8E9591951F265921008A6F23 /* Base */,
			);
			name = LaunchScreen.storyboard;
			sourceTree = "<group>";
		};
/* End PBXVariantGroup section */

/* Begin XCBuildConfiguration section */
		8E9591981F265921008A6F23 /* Debug */ = {
			isa = XCBuildConfiguration;
			buildSettings = {
				ALWAYS_SEARCH_USER_PATHS = NO;
				CLANG_ANALYZER_NONNULL = YES;
				CLANG_ANALYZER_NUMBER_OBJECT_CONVERSION = YES_AGGRESSIVE;
				CLANG_CXX_LANGUAGE_STANDARD = "gnu++0x";
				CLANG_CXX_LIBRARY = "libc++";
				CLANG_ENABLE_MODULES = YES;
				CLANG_ENABLE_OBJC_ARC = YES;
				CLANG_WARN_BOOL_CONVERSION = YES;
				CLANG_WARN_CONSTANT_CONVERSION = YES;
				CLANG_WARN_DIRECT_OBJC_ISA_USAGE = YES_ERROR;
				CLANG_WARN_DOCUMENTATION_COMMENTS = YES;
				CLANG_WARN_EMPTY_BODY = YES;
				CLANG_WARN_ENUM_CONVERSION = YES;
				CLANG_WARN_INFINITE_RECURSION = YES;
				CLANG_WARN_INT_CONVERSION = YES;
				CLANG_WARN_OBJC_ROOT_CLASS = YES_ERROR;
				CLANG_WARN_SUSPICIOUS_MOVE = YES;
				CLANG_WARN_UNREACHABLE_CODE = YES;
				CLANG_WARN__DUPLICATE_METHOD_MATCH = YES;
				"CODE_SIGN_IDENTITY[sdk=iphoneos*]" = "iPhone Developer";
				COPY_PHASE_STRIP = NO;
				DEBUG_INFORMATION_FORMAT = dwarf;
				ENABLE_STRICT_OBJC_MSGSEND = YES;
				ENABLE_TESTABILITY = YES;
				GCC_C_LANGUAGE_STANDARD = gnu99;
				GCC_DYNAMIC_NO_PIC = NO;
				GCC_NO_COMMON_BLOCKS = YES;
				GCC_OPTIMIZATION_LEVEL = 0;
				GCC_PREPROCESSOR_DEFINITIONS = (
					"DEBUG=1",
					"$(inherited)",
				);
				GCC_WARN_64_TO_32_BIT_CONVERSION = YES;
				GCC_WARN_ABOUT_RETURN_TYPE = YES_ERROR;
				GCC_WARN_UNDECLARED_SELECTOR = YES;
				GCC_WARN_UNINITIALIZED_AUTOS = YES_AGGRESSIVE;
				GCC_WARN_UNUSED_FUNCTION = YES;
				GCC_WARN_UNUSED_VARIABLE = YES;
				IPHONEOS_DEPLOYMENT_TARGET = 10.3;
				MTL_ENABLE_DEBUG_INFO = YES;
				ONLY_ACTIVE_ARCH = YES;
				SDKROOT = iphoneos;
				SWIFT_ACTIVE_COMPILATION_CONDITIONS = DEBUG;
				SWIFT_OPTIMIZATION_LEVEL = "-Onone";
				TARGETED_DEVICE_FAMILY = "1,2";
			};
			name = Debug;
		};
		8E9591991F265921008A6F23 /* Release */ = {
			isa = XCBuildConfiguration;
			buildSettings = {
				ALWAYS_SEARCH_USER_PATHS = NO;
				CLANG_ANALYZER_NONNULL = YES;
				CLANG_ANALYZER_NUMBER_OBJECT_CONVERSION = YES_AGGRESSIVE;
				CLANG_CXX_LANGUAGE_STANDARD = "gnu++0x";
				CLANG_CXX_LIBRARY = "libc++";
				CLANG_ENABLE_MODULES = YES;
				CLANG_ENABLE_OBJC_ARC = YES;
				CLANG_WARN_BOOL_CONVERSION = YES;
				CLANG_WARN_CONSTANT_CONVERSION = YES;
				CLANG_WARN_DIRECT_OBJC_ISA_USAGE = YES_ERROR;
				CLANG_WARN_DOCUMENTATION_COMMENTS = YES;
				CLANG_WARN_EMPTY_BODY = YES;
				CLANG_WARN_ENUM_CONVERSION = YES;
				CLANG_WARN_INFINITE_RECURSION = YES;
				CLANG_WARN_INT_CONVERSION = YES;
				CLANG_WARN_OBJC_ROOT_CLASS = YES_ERROR;
				CLANG_WARN_SUSPICIOUS_MOVE = YES;
				CLANG_WARN_UNREACHABLE_CODE = YES;
				CLANG_WARN__DUPLICATE_METHOD_MATCH = YES;
				"CODE_SIGN_IDENTITY[sdk=iphoneos*]" = "iPhone Developer";
				COPY_PHASE_STRIP = NO;
				DEBUG_INFORMATION_FORMAT = "dwarf-with-dsym";
				ENABLE_NS_ASSERTIONS = NO;
				ENABLE_STRICT_OBJC_MSGSEND = YES;
				GCC_C_LANGUAGE_STANDARD = gnu99;
				GCC_NO_COMMON_BLOCKS = YES;
				GCC_WARN_64_TO_32_BIT_CONVERSION = YES;
				GCC_WARN_ABOUT_RETURN_TYPE = YES_ERROR;
				GCC_WARN_UNDECLARED_SELECTOR = YES;
				GCC_WARN_UNINITIALIZED_AUTOS = YES_AGGRESSIVE;
				GCC_WARN_UNUSED_FUNCTION = YES;
				GCC_WARN_UNUSED_VARIABLE = YES;
				IPHONEOS_DEPLOYMENT_TARGET = 10.3;
				MTL_ENABLE_DEBUG_INFO = NO;
				SDKROOT = iphoneos;
				SWIFT_OPTIMIZATION_LEVEL = "-Owholemodule";
				TARGETED_DEVICE_FAMILY = "1,2";
				VALIDATE_PRODUCT = YES;
			};
			name = Release;
		};
		8E95919B1F265921008A6F23 /* Debug */ = {
			isa = XCBuildConfiguration;
			buildSettings = {
				ASSETCATALOG_COMPILER_APPICON_NAME = AppIcon;
				INFOPLIST_FILE = ConektaSimpleWrapper/Info.plist;
				LD_RUNPATH_SEARCH_PATHS = "$(inherited) @executable_path/Frameworks";
				PRODUCT_BUNDLE_IDENTIFIER = fdm.demo.ConektaSimpleWrapper;
				PRODUCT_NAME = "$(TARGET_NAME)";
				SWIFT_VERSION = 3.0;
			};
			name = Debug;
		};
		8E95919C1F265921008A6F23 /* Release */ = {
			isa = XCBuildConfiguration;
			buildSettings = {
				ASSETCATALOG_COMPILER_APPICON_NAME = AppIcon;
				INFOPLIST_FILE = ConektaSimpleWrapper/Info.plist;
				LD_RUNPATH_SEARCH_PATHS = "$(inherited) @executable_path/Frameworks";
				PRODUCT_BUNDLE_IDENTIFIER = fdm.demo.ConektaSimpleWrapper;
				PRODUCT_NAME = "$(TARGET_NAME)";
				SWIFT_VERSION = 3.0;
			};
			name = Release;
		};
/* End XCBuildConfiguration section */

/* Begin XCConfigurationList section */
		8E9591831F265921008A6F23 /* Build configuration list for PBXProject "ConektaSimpleWrapper" */ = {
			isa = XCConfigurationList;
			buildConfigurations = (
				8E9591981F265921008A6F23 /* Debug */,
				8E9591991F265921008A6F23 /* Release */,
			);
			defaultConfigurationIsVisible = 0;
			defaultConfigurationName = Release;
		};
		8E95919A1F265921008A6F23 /* Build configuration list for PBXNativeTarget "ConektaSimpleWrapper" */ = {
			isa = XCConfigurationList;
			buildConfigurations = (
				8E95919B1F265921008A6F23 /* Debug */,
				8E95919C1F265921008A6F23 /* Release */,
			);
			defaultConfigurationIsVisible = 0;
		};
/* End XCConfigurationList section */
	};
	rootObject = 8E9591801F265921008A6F23 /* Project object */;
}
